
Microsoft Visual Studio Solution File, Format Version 12.00
# Visual Studio Version 16
VisualStudioVersion = 16.0.31112.23
MinimumVisualStudioVersion = 10.0.40219.1
Project("{2150E333-8FDC-42A3-9474-1A3956D46DE8}") = "1-Application", "1-Application", "{68E80B48-10A6-4653-9224-4C6FFA5683A4}"
EndProject
Project("{2150E333-8FDC-42A3-9474-1A3956D46DE8}") = "2-Presentation", "2-Presentation", "{E3806109-52E5-4D53-8C13-DCE3B8A0D866}"
EndProject
Project("{2150E333-8FDC-42A3-9474-1A3956D46DE8}") = "0-Domain", "0-Domain", "{831BF1D0-D401-436A-BA05-4C91FA132D1A}"
EndProject
Project("{9A19103F-16F7-4668-BE54-9A1E7A4F7556}") = "Domain", "Domain\Domain.csproj", "{DC62BFBD-52C1-4661-96BF-D5A84599CBEA}"
EndProject
Project("{9A19103F-16F7-4668-BE54-9A1E7A4F7556}") = "Application", "Application\Application.csproj", "{139A55C1-EED4-453E-A4CF-5CBDF2728B6E}"
EndProject
Project("{9A19103F-16F7-4668-BE54-9A1E7A4F7556}") = "Application.Tests", "Application.Tests\Application.Tests.csproj", "{2C7FE175-E49A-461F-8BFB-FE6B12F2FE5D}"
EndProject
Project("{2150E333-8FDC-42A3-9474-1A3956D46DE8}") = "1-Infrastructure", "1-Infrastructure", "{4F123537-E2AF-4366-A5A4-C4E27629E388}"
EndProject
Project("{9A19103F-16F7-4668-BE54-9A1E7A4F7556}") = "Infrastructure", "Infrastructure\Infrastructure.csproj", "{F7BE5DAB-1D34-450D-86D9-F60DA811F6DE}"
EndProject
Project("{9A19103F-16F7-4668-BE54-9A1E7A4F7556}") = "Infrastructure.Tests", "Infrastructure.Tests\Infrastructure.Tests.csproj", "{24C97DA9-2775-4EAB-AB11-BE774C26F983}"
EndProject
Project("{FAE04EC0-301F-11D3-BF4B-00C04F79EFBC}") = "Presentation.AzFunctions", "Presentation.AzFunctions\Presentation.AzFunctions.csproj", "{78F51FF4-4D10-46B3-98BC-ABE080DE2439}"
EndProject
Project("{FAE04EC0-301F-11D3-BF4B-00C04F79EFBC}") = "Presentation.WebAPIs", "Presentation.WebAPIs\Presentation.WebAPIs.csproj", "{17CD76DA-0142-4B2C-95B5-182A1AB67752}"
EndProject
Project("{FAE04EC0-301F-11D3-BF4B-00C04F79EFBC}") = "Common", "Common\Common.csproj", "{FDE8DDE9-514F-46D8-B839-ED357596187F}"
EndProject
Global
	GlobalSection(SolutionConfigurationPlatforms) = preSolution
		Debug|Any CPU = Debug|Any CPU
		Release|Any CPU = Release|Any CPU
	EndGlobalSection
	GlobalSection(ProjectConfigurationPlatforms) = postSolution
		{DC62BFBD-52C1-4661-96BF-D5A84599CBEA}.Debug|Any CPU.ActiveCfg = Debug|Any CPU
		{DC62BFBD-52C1-4661-96BF-D5A84599CBEA}.Debug|Any CPU.Build.0 = Debug|Any CPU
		{DC62BFBD-52C1-4661-96BF-D5A84599CBEA}.Release|Any CPU.ActiveCfg = Release|Any CPU
		{DC62BFBD-52C1-4661-96BF-D5A84599CBEA}.Release|Any CPU.Build.0 = Release|Any CPU
		{139A55C1-EED4-453E-A4CF-5CBDF2728B6E}.Debug|Any CPU.ActiveCfg = Debug|Any CPU
		{139A55C1-EED4-453E-A4CF-5CBDF2728B6E}.Debug|Any CPU.Build.0 = Debug|Any CPU
		{139A55C1-EED4-453E-A4CF-5CBDF2728B6E}.Release|Any CPU.ActiveCfg = Release|Any CPU
		{139A55C1-EED4-453E-A4CF-5CBDF2728B6E}.Release|Any CPU.Build.0 = Release|Any CPU
		{2C7FE175-E49A-461F-8BFB-FE6B12F2FE5D}.Debug|Any CPU.ActiveCfg = Debug|Any CPU
		{2C7FE175-E49A-461F-8BFB-FE6B12F2FE5D}.Debug|Any CPU.Build.0 = Debug|Any CPU
		{2C7FE175-E49A-461F-8BFB-FE6B12F2FE5D}.Release|Any CPU.ActiveCfg = Release|Any CPU
		{2C7FE175-E49A-461F-8BFB-FE6B12F2FE5D}.Release|Any CPU.Build.0 = Release|Any CPU
		{F7BE5DAB-1D34-450D-86D9-F60DA811F6DE}.Debug|Any CPU.ActiveCfg = Debug|Any CPU
		{F7BE5DAB-1D34-450D-86D9-F60DA811F6DE}.Debug|Any CPU.Build.0 = Debug|Any CPU
		{F7BE5DAB-1D34-450D-86D9-F60DA811F6DE}.Release|Any CPU.ActiveCfg = Release|Any CPU
		{F7BE5DAB-1D34-450D-86D9-F60DA811F6DE}.Release|Any CPU.Build.0 = Release|Any CPU
		{24C97DA9-2775-4EAB-AB11-BE774C26F983}.Debug|Any CPU.ActiveCfg = Debug|Any CPU
		{24C97DA9-2775-4EAB-AB11-BE774C26F983}.Debug|Any CPU.Build.0 = Debug|Any CPU
		{24C97DA9-2775-4EAB-AB11-BE774C26F983}.Release|Any CPU.ActiveCfg = Release|Any CPU
		{24C97DA9-2775-4EAB-AB11-BE774C26F983}.Release|Any CPU.Build.0 = Release|Any CPU
		{78F51FF4-4D10-46B3-98BC-ABE080DE2439}.Debug|Any CPU.ActiveCfg = Debug|Any CPU
		{78F51FF4-4D10-46B3-98BC-ABE080DE2439}.Debug|Any CPU.Build.0 = Debug|Any CPU
		{78F51FF4-4D10-46B3-98BC-ABE080DE2439}.Release|Any CPU.ActiveCfg = Release|Any CPU
		{78F51FF4-4D10-46B3-98BC-ABE080DE2439}.Release|Any CPU.Build.0 = Release|Any CPU
		{17CD76DA-0142-4B2C-95B5-182A1AB67752}.Debug|Any CPU.ActiveCfg = Debug|Any CPU
		{17CD76DA-0142-4B2C-95B5-182A1AB67752}.Debug|Any CPU.Build.0 = Debug|Any CPU
		{17CD76DA-0142-4B2C-95B5-182A1AB67752}.Release|Any CPU.ActiveCfg = Release|Any CPU
		{17CD76DA-0142-4B2C-95B5-182A1AB67752}.Release|Any CPU.Build.0 = Release|Any CPU
		{FDE8DDE9-514F-46D8-B839-ED357596187F}.Debug|Any CPU.ActiveCfg = Debug|Any CPU
		{FDE8DDE9-514F-46D8-B839-ED357596187F}.Debug|Any CPU.Build.0 = Debug|Any CPU
		{FDE8DDE9-514F-46D8-B839-ED357596187F}.Release|Any CPU.ActiveCfg = Release|Any CPU
		{FDE8DDE9-514F-46D8-B839-ED357596187F}.Release|Any CPU.Build.0 = Release|Any CPU
	EndGlobalSection
	GlobalSection(SolutionProperties) = preSolution
		HideSolutionNode = FALSE
	EndGlobalSection
	GlobalSection(NestedProjects) = preSolution
		{DC62BFBD-52C1-4661-96BF-D5A84599CBEA} = {831BF1D0-D401-436A-BA05-4C91FA132D1A}
		{139A55C1-EED4-453E-A4CF-5CBDF2728B6E} = {68E80B48-10A6-4653-9224-4C6FFA5683A4}
		{2C7FE175-E49A-461F-8BFB-FE6B12F2FE5D} = {68E80B48-10A6-4653-9224-4C6FFA5683A4}
		{F7BE5DAB-1D34-450D-86D9-F60DA811F6DE} = {4F123537-E2AF-4366-A5A4-C4E27629E388}
		{24C97DA9-2775-4EAB-AB11-BE774C26F983} = {4F123537-E2AF-4366-A5A4-C4E27629E388}
		{78F51FF4-4D10-46B3-98BC-ABE080DE2439} = {E3806109-52E5-4D53-8C13-DCE3B8A0D866}
		{17CD76DA-0142-4B2C-95B5-182A1AB67752} = {E3806109-52E5-4D53-8C13-DCE3B8A0D866}
	EndGlobalSection
	GlobalSection(ExtensibilityGlobals) = postSolution
		SolutionGuid = {FBE25C81-DAE4-4FBE-9676-40B0162F461E}
	EndGlobalSection
EndGlobal
